
Microsoft Visual Studio Solution File, Format Version 12.00
# Visual Studio Version 17
VisualStudioVersion = 17.5.33516.290
MinimumVisualStudioVersion = 10.0.40219.1
Project("{FAE04EC0-301F-11D3-BF4B-00C04F79EFBC}") = "ElectricBill", "ElectricBill\ElectricBill.csproj", "{9B082E0F-8429-4D7D-8F92-88CC007137D5}"
EndProject
Global
	GlobalSection(SolutionConfigurationPlatforms) = preSolution
		Debug|Any CPU = Debug|Any CPU
		Release|Any CPU = Release|Any CPU
	EndGlobalSection
	GlobalSection(ProjectConfigurationPlatforms) = postSolution
		{9B082E0F-8429-4D7D-8F92-88CC007137D5}.Debug|Any CPU.ActiveCfg = Debug|Any CPU
		{9B082E0F-8429-4D7D-8F92-88CC007137D5}.Debug|Any CPU.Build.0 = Debug|Any CPU
		{9B082E0F-8429-4D7D-8F92-88CC007137D5}.Release|Any CPU.ActiveCfg = Release|Any CPU
		{9B082E0F-8429-4D7D-8F92-88CC007137D5}.Release|Any CPU.Build.0 = Release|Any CPU
	EndGlobalSection
	GlobalSection(SolutionProperties) = preSolution
		HideSolutionNode = FALSE
	EndGlobalSection
	GlobalSection(ExtensibilityGlobals) = postSolution
		SolutionGuid = {43386A97-E1E3-4136-8A21-75E5EF9651BE}
	EndGlobalSection
EndGlobal
